{
  "name": "node-linker-pro",
  "version": "0.0.3",
  "lockfileVersion": 3,
  "requires": true,
  "packages": {
    "": {
      "name": "node-linker-pro",
      "version": "0.0.3",
      "license": "MIT",
      "bin": {
        "linker-node-modules": "node-linker-pro.mjs",
        "npm-setup": "npm-setup.mjs"
      },
      "engines": {
        "node": ">=16"
      }
    }
  }
}
